
Microsoft Visual Studio Solution File, Format Version 12.00
# Visual Studio Version 17
VisualStudioVersion = 17.8.34525.116
MinimumVisualStudioVersion = 10.0.40219.1
Project("{9092AA53-FB77-4645-B42D-1CCCA6BD08BD}") = "NodejsWebApp2", "NodejsWebApp2\NodejsWebApp2.njsproj", "{DBAD8A80-67ED-4451-8195-78338D393791}"
EndProject
Global
	GlobalSection(SolutionConfigurationPlatforms) = preSolution
		Debug|Any CPU = Debug|Any CPU
		Release|Any CPU = Release|Any CPU
	EndGlobalSection
	GlobalSection(ProjectConfigurationPlatforms) = postSolution
		{DBAD8A80-67ED-4451-8195-78338D393791}.Debug|Any CPU.ActiveCfg = Debug|Any CPU
		{DBAD8A80-67ED-4451-8195-78338D393791}.Debug|Any CPU.Build.0 = Debug|Any CPU
		{DBAD8A80-67ED-4451-8195-78338D393791}.Release|Any CPU.ActiveCfg = Release|Any CPU
		{DBAD8A80-67ED-4451-8195-78338D393791}.Release|Any CPU.Build.0 = Release|Any CPU
	EndGlobalSection
	GlobalSection(SolutionProperties) = preSolution
		HideSolutionNode = FALSE
	EndGlobalSection
	GlobalSection(ExtensibilityGlobals) = postSolution
		SolutionGuid = {3EF73EBF-4BA1-49A6-9ED7-B0185D8AD90A}
	EndGlobalSection
EndGlobal
